# This file is automatically @generated by Poetry 2.2.1 and should not be changed by hand.

[[package]]
name = "confluent-kafka"
version = "2.14.2"
description = "Confluent's Python client for Apache Kafka"
optional = false
python-versions = ">=3.8"
groups = ["main"]
files = [
    {file = "confluent_kafka-2.14.2-cp310-cp310-macosx_10_9_x86_64.whl", hash = "sha256:9f6f9718c0cd8d32a61aa58010c34b741dd62ec2ed9f470fcff36f7ac3d1006e"},
    {file = "confluent_kafka-2.14.2-cp310-cp310-macosx_11_0_arm64.whl", hash = "sha256:5714f9402ef7e07c42bb1d3e175c9dd811a6b5877b522828630ae800503deaf0"},
    {file = "confluent_kafka-2.14.2-cp310-cp310-manylinux_2_28_aarch64.whl", hash = "sha256:4c9b1c4fe8f4364a5828dc35fb481577a7c0b6960876f5e53a0370705ca0247d"},
    {file = "confluent_kafka-2.14.2-cp310-cp310-manylinux_2_28_x86_64.whl", hash = "sha256:4b9d6e0170aed7856553429d1d2b3e9373a4c4ba0c264204e05a947a52cf2c2f"},
    {file = "confluent_kafka-2.14.2-cp310-cp310-win_amd64.whl", hash = "sha256:aafffa6ac16e9b41919bcdc243168f894c8eac543a28f4e0674c525ce5c39132"},
    {file = "confluent_kafka-2.14.2-cp311-cp311-macosx_10_9_x86_64.whl", hash = "sha256:b3470171eb52dc149e3abf7cbcc485f388c0dbd1dd7516e5fd18a35baa39271f"},
    {file = "confluent_kafka-2.14.2-cp311-cp311-macosx_11_0_arm64.whl", hash = "sha256:3bcd5dc82ee4b921e1a54e6b9130a0d43de99dd3021ddf3a2557fbf505df8d62"},
    {file = "confluent_kafka-2.14.2-cp311-cp311-manylinux_2_28_aarch64.whl", hash = "sha256:c6abedb91fd8fcd0dcea8491f71efd37d136c12c4afa2216fd8d85585f53c4ea"},
    {file = "confluent_kafka-2.14.2-cp311-cp311-manylinux_2_28_x86_64.whl", hash = "sha256:6e4abff7d6c1a27787ece44f3e56bcda9b0fa0a141c9b651a6cd13fbc7f943f9"},
    {file = "confluent_kafka-2.14.2-cp311-cp311-win_amd64.whl", hash = "sha256:01399706d1fe314b85b62f86d045fc8696f482bf625064aa7c0ccb7149e629b2"},
    {file = "confluent_kafka-2.14.2-cp312-cp312-macosx_10_9_x86_64.whl", hash = "sha256:35755d6adb2d6ed5b3f517fa8d2cec0e8cb5b668e652cc7a691fe317b727bcb9"},
    {file = "confluent_kafka-2.14.2-cp312-cp312-macosx_11_0_arm64.whl", hash = "sha256:facc957bf97e69e467b1935d96eddced0abb7e7bcd2af025847d42c990116523"},
    {file = "confluent_kafka-2.14.2-cp312-cp312-manylinux_2_28_aarch64.whl", hash = "sha256:6ea5321c7f3861be9245239514ddcfc8dc21e8046f819a53b0f98c4e79b006d6"},
    {file = "confluent_kafka-2.14.2-cp312-cp312-manylinux_2_28_x86_64.whl", hash = "sha256:7db5f58948eeb7b85b8c5ab440fddbd5a7465fee48185e5ae37bb2c190eb715d"},
    {file = "confluent_kafka-2.14.2-cp312-cp312-win_amd64.whl", hash = "sha256:b19e4939e1cefe4ed93985e64b121ba492632ad36a23a43f5299402522b24385"},
    {file = "confluent_kafka-2.14.2-cp313-cp313-macosx_13_0_arm64.whl", hash = "sha256:590667a106f2f79a1a9412723686e32e5a4a85b911ff2c15ce828c5ac8748f3b"},
    {file = "confluent_kafka-2.14.2-cp313-cp313-macosx_13_0_x86_64.whl", hash = "sha256:654afcf3d1b29536d098d271a66ef077920759b752a8c9978feee35ce4a174cf"},
    {file = "confluent_kafka-2.14.2-cp313-cp313-manylinux_2_28_aarch64.whl", hash = "sha256:1cbb88bae84c8b0f9247a896bdbb53820bdf0f277aa126bf577108ee70491926"},
    {file = "confluent_kafka-2.14.2-cp313-cp313-manylinux_2_28_x86_64.whl", hash = "sha256:53b5fb5eb0ae89005e572da95f96e95c7d247525d66857748b74012d58f19ef3"},
    {file = "confluent_kafka-2.14.2-cp313-cp313-win_amd64.whl", hash = "sha256:aff0de94a6321eedb6188d121a8001b090d6d5f4d76b3f6754a3c8747fb1847d"},
    {file = "confluent_kafka-2.14.2-cp314-cp314-macosx_13_0_arm64.whl", hash = "sha256:f42c745e6162905bd16bc2beb6429aef38240ff0e2f1c3edde4a462f121ea9c1"},
    {file = "confluent_kafka-2.14.2-cp314-cp314-macosx_13_0_x86_64.whl", hash = "sha256:3d1e5f1853a67be1573014ad610874e4e80bdcfb1c7ca1cadaeae5c5bef88a94"},
    {file = "confluent_kafka-2.14.2-cp314-cp314-manylinux_2_28_aarch64.whl", hash = "sha256:c5f247f6c046e457f369d3f2b11cb8d133b17e8306ce63c2ae0414469819d3e6"},
    {file = "confluent_kafka-2.14.2-cp314-cp314-manylinux_2_28_x86_64.whl", hash = "sha256:d61e22e6cd24e518c47b3b608023d2476bca4a7525de7877ca28e323af98f832"},
    {file = "confluent_kafka-2.14.2-cp314-cp314-win_amd64.whl", hash = "sha256:cf18131b6b8137f5ea0de1ff0988eb2af40a372c31f8238b015d70ccd1c0945a"},
    {file = "confluent_kafka-2.14.2-cp38-cp38-macosx_10_9_x86_64.whl", hash = "sha256:963bb2b7aa2404e9507b2c0a88baadbf283382fd99911e59988608f911f4e192"},
    {file = "confluent_kafka-2.14.2-cp38-cp38-macosx_11_0_arm64.whl", hash = "sha256:53c505e2fb89a9a19cd055f5b06938bd82150b899cc874077a2b4fc4a39ae880"},
    {file = "confluent_kafka-2.14.2-cp38-cp38-manylinux_2_28_aarch64.whl", hash = "sha256:c65cb2d52fd076637f554284ea7ade6b00b47d3533b3be8c0d9c5865b315e64d"},
    {file = "confluent_kafka-2.14.2-cp38-cp38-manylinux_2_28_x86_64.whl", hash = "sha256:b36453d01766b64fea427485ff84d019f44cd0bfd0d8e35c8d68d9aae875c19e"},
    {file = "confluent_kafka-2.14.2-cp38-cp38-win_amd64.whl", hash = "sha256:5616b4bb9d3a99b957397f6a21e72a863f09ee1dd572109047b5fb132984f315"},
    {file = "confluent_kafka-2.14.2-cp39-cp39-macosx_10_9_x86_64.whl", hash = "sha256:d29ff6b57c5d5ae068fdfb2e52a0784d860113721c09512d9479fcaf53b8f42f"},
    {file = "confluent_kafka-2.14.2-cp39-cp39-macosx_11_0_arm64.whl", hash = "sha256:861f9c5f17690afe42f2b219d2543676e16f63be02e05821eb107a73d610fbc3"},
    {file = "confluent_kafka-2.14.2-cp39-cp39-manylinux_2_28_aarch64.whl", hash = "sha256:d6aaf091598c155026b3b22e0f8e1e03cc7c19b36b37a128ef5f4c618854ae69"},
    {file = "confluent_kafka-2.14.2-cp39-cp39-manylinux_2_28_x86_64.whl", hash = "sha256:b3ad3909c3562b00ca6899ac4270a4219e5ae8f8e5c97edc788e05e550bf3faa"},
    {file = "confluent_kafka-2.14.2-cp39-cp39-win_amd64.whl", hash = "sha256:83c6dc5af871115f62addc22cebc5393c295ee634959f58ba5f9ed37c636af00"},
    {file = "confluent_kafka-2.14.2.tar.gz", hash = "sha256:fc827265571a778b1ff560ab2f3ec5dce3c573c29eb4cf6ded9718d55a5e4262"},
]

[package.dependencies]
typing-extensions = {version = "*", markers = "python_version < \"3.11\""}

[package.extras]
all = ["async-timeout", "attrs", "attrs", "attrs (>=21.2.0)", "authlib (>=1.0.0)", "authlib (>=1.0.0)", "avro (>=1.11.1,<2)", "avro (>=1.11.1,<2)", "azure-identity", "azure-identity", "azure-keyvault-keys", "azure-keyvault-keys", "black (>=24.0.0)", "boto3", "boto3 (>=1.35)", "cachetools", "cachetools (>=5.5.0)", "cel-python (>=0.4.0)", "cel-python (>=0.4.0)", "certifi", "confluent-kafka", "fastapi", "fastavro (>=1.5.4,<1.8.0) ; python_version == \"3.7\"", "fastavro (>=1.5.4,<1.8.0) ; python_version == \"3.7\"", "fastavro (>=1.5.4,<2) ; python_version > \"3.7\"", "fastavro (>=1.5.4,<2) ; python_version > \"3.7\"", "flake8", "google-api-core", "google-api-core", "google-auth", "google-auth", "google-cloud-kms", "google-cloud-kms", "google-re2 (<1.1.20251105)", "googleapis-common-protos", "googleapis-common-protos", "hkdf (==0.0.3)", "hkdf (==0.0.3)", "httpx (>=0.26)", "httpx (>=0.26)", "hvac", "hvac", "isort (>=5.13.0)", "jsonata-python", "jsonata-python", "jsonschema (>=4.18.0)", "jsonschema (>=4.18.0)", "mypy", "opentelemetry-distro", "opentelemetry-exporter-otlp", "orjson", "orjson (>=3.10)", "orjson (>=3.10)", "pandoc", "pluggy (<1.6.0)", "protobuf", "protobuf", "psutil", "pydantic", "pyrsistent", "pyrsistent", "pytest", "pytest-asyncio", "pytest-timeout", "pytest_cov", "pyyaml (>=6.0.0)", "pyyaml (>=6.0.0)", "requests", "requests", "requests-mock", "respx", "six", "sphinx", "sphinx-rtd-theme", "tink", "tink", "tomli ; python_version < \"3.11\"", "types-cachetools", "types-requests", "urllib3 (<3)", "uvicorn"]
avro = ["attrs (>=21.2.0)", "authlib (>=1.0.0)", "avro (>=1.11.1,<2)", "cachetools (>=5.5.0)", "certifi", "fastavro (>=1.5.4,<1.8.0) ; python_version == \"3.7\"", "fastavro (>=1.5.4,<2) ; python_version > \"3.7\"", "httpx (>=0.26)", "requests"]
dev = ["async-timeout", "attrs", "attrs", "attrs (>=21.2.0)", "authlib (>=1.0.0)", "authlib (>=1.0.0)", "avro (>=1.11.1,<2)", "avro (>=1.11.1,<2)", "azure-identity", "azure-identity", "azure-keyvault-keys", "azure-keyvault-keys", "black (>=24.0.0)", "boto3", "boto3 (>=1.35)", "cachetools", "cachetools (>=5.5.0)", "cel-python (>=0.4.0)", "cel-python (>=0.4.0)", "certifi", "confluent-kafka", "fastapi", "fastavro (>=1.5.4,<1.8.0) ; python_version == \"3.7\"", "fastavro (>=1.5.4,<1.8.0) ; python_version == \"3.7\"", "fastavro (>=1.5.4,<2) ; python_version > \"3.7\"", "fastavro (>=1.5.4,<2) ; python_version > \"3.7\"", "flake8", "google-api-core", "google-api-core", "google-auth", "google-auth", "google-cloud-kms", "google-cloud-kms", "google-re2 (<1.1.20251105)", "googleapis-common-protos", "googleapis-common-protos", "hkdf (==0.0.3)", "hkdf (==0.0.3)", "httpx (>=0.26)", "httpx (>=0.26)", "hvac", "hvac", "isort (>=5.13.0)", "jsonata-python", "jsonata-python", "jsonschema (>=4.18.0)", "jsonschema (>=4.18.0)", "mypy", "orjson", "orjson (>=3.10)", "orjson (>=3.10)", "pandoc", "pluggy (<1.6.0)", "protobuf", "protobuf", "pydantic", "pyrsistent", "pyrsistent", "pytest", "pytest-asyncio", "pytest-timeout", "pytest_cov", "pyyaml (>=6.0.0)", "pyyaml (>=6.0.0)", "requests", "requests", "requests-mock", "respx", "six", "sphinx", "sphinx-rtd-theme", "tink", "tink", "tomli ; python_version < \"3.11\"", "types-cachetools", "types-requests", "urllib3 (<3)", "uvicorn"]
docs = ["attrs (>=21.2.0)", "authlib (>=1.0.0)", "avro (>=1.11.1,<2)", "azure-identity", "azure-keyvault-keys", "boto3 (>=1.35)", "cachetools (>=5.5.0)", "cel-python (>=0.4.0)", "certifi", "fastavro (>=1.5.4,<1.8.0) ; python_version == \"3.7\"", "fastavro (>=1.5.4,<2) ; python_version > \"3.7\"", "google-api-core", "google-auth", "google-cloud-kms", "google-re2 (<1.1.20251105)", "googleapis-common-protos", "hkdf (==0.0.3)", "httpx (>=0.26)", "hvac", "jsonata-python", "jsonschema (>=4.18.0)", "orjson (>=3.10)", "pandoc", "protobuf", "pyrsistent", "pyyaml (>=6.0.0)", "requests", "sphinx", "sphinx-rtd-theme", "tink", "tomli ; python_version < \"3.11\""]
examples = ["attrs", "authlib (>=1.0.0)", "avro (>=1.11.1,<2)", "azure-identity", "azure-keyvault-keys", "boto3", "cachetools", "cel-python (>=0.4.0)", "confluent-kafka", "fastapi", "fastavro (>=1.5.4,<1.8.0) ; python_version == \"3.7\"", "fastavro (>=1.5.4,<2) ; python_version > \"3.7\"", "google-api-core", "google-auth", "google-cloud-kms", "googleapis-common-protos", "hkdf (==0.0.3)", "httpx (>=0.26)", "hvac", "jsonata-python", "jsonschema (>=4.18.0)", "orjson (>=3.10)", "protobuf", "pydantic", "pyrsistent", "pyyaml (>=6.0.0)", "requests", "six", "tink", "uvicorn"]
json = ["attrs (>=21.2.0)", "authlib (>=1.0.0)", "cachetools (>=5.5.0)", "certifi", "httpx (>=0.26)", "jsonschema (>=4.18.0)", "orjson (>=3.10)", "pyrsistent"]
protobuf = ["attrs (>=21.2.0)", "authlib (>=1.0.0)", "cachetools (>=5.5.0)", "certifi", "googleapis-common-protos", "httpx (>=0.26)", "protobuf"]
rules = ["attrs (>=21.2.0)", "authlib (>=1.0.0)", "azure-identity", "azure-keyvault-keys", "boto3 (>=1.35)", "cachetools (>=5.5.0)", "cel-python (>=0.4.0)", "certifi", "google-api-core", "google-auth", "google-cloud-kms", "google-re2 (<1.1.20251105)", "hkdf (==0.0.3)", "httpx (>=0.26)", "hvac", "jsonata-python", "pyyaml (>=6.0.0)", "tink"]
schema-registry = ["attrs (>=21.2.0)", "authlib (>=1.0.0)", "cachetools (>=5.5.0)", "certifi", "httpx (>=0.26)"]
schemaregistry = ["attrs (>=21.2.0)", "authlib (>=1.0.0)", "cachetools (>=5.5.0)", "certifi", "httpx (>=0.26)"]
soaktest = ["opentelemetry-distro", "opentelemetry-exporter-otlp", "psutil"]
tests = ["async-timeout", "attrs", "attrs (>=21.2.0)", "authlib (>=1.0.0)", "avro (>=1.11.1,<2)", "azure-identity", "azure-keyvault-keys", "black (>=24.0.0)", "boto3 (>=1.35)", "cachetools (>=5.5.0)", "cel-python (>=0.4.0)", "certifi", "fastavro (>=1.5.4,<1.8.0) ; python_version == \"3.7\"", "fastavro (>=1.5.4,<2) ; python_version > \"3.7\"", "flake8", "google-api-core", "google-auth", "google-cloud-kms", "google-re2 (<1.1.20251105)", "googleapis-common-protos", "hkdf (==0.0.3)", "httpx (>=0.26)", "hvac", "isort (>=5.13.0)", "jsonata-python", "jsonschema (>=4.18.0)", "mypy", "orjson", "orjson (>=3.10)", "pluggy (<1.6.0)", "protobuf", "pyrsistent", "pytest", "pytest-asyncio", "pytest-timeout", "pytest_cov", "pyyaml (>=6.0.0)", "requests", "requests-mock", "respx", "tink", "types-cachetools", "types-requests", "urllib3 (<3)"]

[[package]]
name = "typing-extensions"
version = "4.15.0"
description = "Backported and Experimental Type Hints for Python 3.9+"
optional = false
python-versions = ">=3.9"
groups = ["main"]
markers = "python_version == \"3.10\""
files = [
    {file = "typing_extensions-4.15.0-py3-none-any.whl", hash = "sha256:f0fa19c6845758ab08074a0cfa8b7aecb71c999ca73d62883bc25cc018c4e548"},
    {file = "typing_extensions-4.15.0.tar.gz", hash = "sha256:0cea48d173cc12fa28ecabc3b837ea3cf6f38c6d1136f85cbaaf598984861466"},
]

[metadata]
lock-version = "2.1"
python-versions = "^3.10"
content-hash = "2eab976edc118a1524bd78aeb03394f014fb24b625247828bd54228223c268aa"
