# This file is automatically @generated by Poetry 1.5.0 and should not be changed by hand.

[[package]]
name = "anyio"
version = "3.7.1"
description = "High level compatibility layer for multiple asynchronous event loop implementations"
optional = false
python-versions = ">=3.7"
files = [
    {file = "anyio-3.7.1-py3-none-any.whl", hash = "sha256:91dee416e570e92c64041bd18b900d1d6fa78dff7048769ce5ac5ddad004fbb5"},
    {file = "anyio-3.7.1.tar.gz", hash = "sha256:44a3c9aba0f5defa43261a8b3efb97891f2bd7d804e0e1f56419befa1adfc780"},
]

[package.dependencies]
exceptiongroup = {version = "*", markers = "python_version < \"3.11\""}
idna = ">=2.8"
sniffio = ">=1.1"

[package.extras]
doc = ["Sphinx", "packaging", "sphinx-autodoc-typehints (>=1.2.0)", "sphinx-rtd-theme (>=1.2.2)", "sphinxcontrib-jquery"]
test = ["anyio[trio]", "coverage[toml] (>=4.5)", "hypothesis (>=4.0)", "mock (>=4)", "psutil (>=5.9)", "pytest (>=7.0)", "pytest-mock (>=3.6.1)", "trustme", "uvloop (>=0.17)"]
trio = ["trio (<0.22)"]

[[package]]
name = "click"
version = "8.1.6"
description = "Composable command line interface toolkit"
optional = false
python-versions = ">=3.7"
files = [
    {file = "click-8.1.6-py3-none-any.whl", hash = "sha256:fa244bb30b3b5ee2cae3da8f55c9e5e0c0e86093306301fb418eb9dc40fbded5"},
    {file = "click-8.1.6.tar.gz", hash = "sha256:48ee849951919527a045bfe3bf7baa8a959c423134e1a5b98c05c20ba75a1cbd"},
]

[package.dependencies]
colorama = {version = "*", markers = "platform_system == \"Windows\""}

[[package]]
name = "colorama"
version = "0.4.6"
description = "Cross-platform colored terminal text."
optional = false
python-versions = "!=3.0.*,!=3.1.*,!=3.2.*,!=3.3.*,!=3.4.*,!=3.5.*,!=3.6.*,>=2.7"
files = [
    {file = "colorama-0.4.6-py2.py3-none-any.whl", hash = "sha256:4f1d9991f5acc0ca119f9d443620b77f9d6b33703e51011c16baf57afb285fc6"},
    {file = "colorama-0.4.6.tar.gz", hash = "sha256:08695f5cb7ed6e0531a20572697297273c47b8cae5a63ffc6d6ed5c201be6e44"},
]

[[package]]
name = "exceptiongroup"
version = "1.1.2"
description = "Backport of PEP 654 (exception groups)"
optional = false
python-versions = ">=3.7"
files = [
    {file = "exceptiongroup-1.1.2-py3-none-any.whl", hash = "sha256:e346e69d186172ca7cf029c8c1d16235aa0e04035e5750b4b95039e65204328f"},
    {file = "exceptiongroup-1.1.2.tar.gz", hash = "sha256:12c3e887d6485d16943a309616de20ae5582633e0a2eda17f4e10fd61c1e8af5"},
]

[package.extras]
test = ["pytest (>=6)"]

[[package]]
name = "fastapi"
version = "0.95.2"
description = "FastAPI framework, high performance, easy to learn, fast to code, ready for production"
optional = false
python-versions = ">=3.7"
files = [
    {file = "fastapi-0.95.2-py3-none-any.whl", hash = "sha256:d374dbc4ef2ad9b803899bd3360d34c534adc574546e25314ab72c0c4411749f"},
    {file = "fastapi-0.95.2.tar.gz", hash = "sha256:4d9d3e8c71c73f11874bcf5e33626258d143252e329a01002f767306c64fb982"},
]

[package.dependencies]
pydantic = ">=1.6.2,<1.7 || >1.7,<1.7.1 || >1.7.1,<1.7.2 || >1.7.2,<1.7.3 || >1.7.3,<1.8 || >1.8,<1.8.1 || >1.8.1,<2.0.0"
starlette = ">=0.27.0,<0.28.0"

[package.extras]
all = ["email-validator (>=1.1.1)", "httpx (>=0.23.0)", "itsdangerous (>=1.1.0)", "jinja2 (>=2.11.2)", "orjson (>=3.2.1)", "python-multipart (>=0.0.5)", "pyyaml (>=5.3.1)", "ujson (>=4.0.1,!=4.0.2,!=4.1.0,!=4.2.0,!=4.3.0,!=5.0.0,!=5.1.0)", "uvicorn[standard] (>=0.12.0)"]
dev = ["pre-commit (>=2.17.0,<3.0.0)", "ruff (==0.0.138)", "uvicorn[standard] (>=0.12.0,<0.21.0)"]
doc = ["mdx-include (>=1.4.1,<2.0.0)", "mkdocs (>=1.1.2,<2.0.0)", "mkdocs-markdownextradata-plugin (>=0.1.7,<0.3.0)", "mkdocs-material (>=8.1.4,<9.0.0)", "pyyaml (>=5.3.1,<7.0.0)", "typer-cli (>=0.0.13,<0.0.14)", "typer[all] (>=0.6.1,<0.8.0)"]
test = ["anyio[trio] (>=3.2.1,<4.0.0)", "black (==23.1.0)", "coverage[toml] (>=6.5.0,<8.0)", "databases[sqlite] (>=0.3.2,<0.7.0)", "email-validator (>=1.1.1,<2.0.0)", "flask (>=1.1.2,<3.0.0)", "httpx (>=0.23.0,<0.24.0)", "isort (>=5.0.6,<6.0.0)", "mypy (==0.982)", "orjson (>=3.2.1,<4.0.0)", "passlib[bcrypt] (>=1.7.2,<2.0.0)", "peewee (>=3.13.3,<4.0.0)", "pytest (>=7.1.3,<8.0.0)", "python-jose[cryptography] (>=3.3.0,<4.0.0)", "python-multipart (>=0.0.5,<0.0.7)", "pyyaml (>=5.3.1,<7.0.0)", "ruff (==0.0.138)", "sqlalchemy (>=1.3.18,<1.4.43)", "types-orjson (==3.6.2)", "types-ujson (==5.7.0.1)", "ujson (>=4.0.1,!=4.0.2,!=4.1.0,!=4.2.0,!=4.3.0,!=5.0.0,!=5.1.0,<6.0.0)"]

[[package]]
name = "h11"
version = "0.14.0"
description = "A pure-Python, bring-your-own-I/O implementation of HTTP/1.1"
optional = false
python-versions = ">=3.7"
files = [
    {file = "h11-0.14.0-py3-none-any.whl", hash = "sha256:e3fe4ac4b851c468cc8363d500db52c2ead036020723024a109d37346efaa761"},
    {file = "h11-0.14.0.tar.gz", hash = "sha256:8f19fbbe99e72420ff35c00b27a34cb9937e902a8b810e2c88300c6f0a3b699d"},
]

[[package]]
name = "httptools"
version = "0.6.0"
description = "A collection of framework independent HTTP protocol utils."
optional = false
python-versions = ">=3.5.0"
files = [
    {file = "httptools-0.6.0-cp310-cp310-macosx_10_9_universal2.whl", hash = "sha256:818325afee467d483bfab1647a72054246d29f9053fd17cc4b86cda09cc60339"},
    {file = "httptools-0.6.0-cp310-cp310-macosx_10_9_x86_64.whl", hash = "sha256:72205730bf1be875003692ca54a4a7c35fac77b4746008966061d9d41a61b0f5"},
    {file = "httptools-0.6.0-cp310-cp310-manylinux_2_17_aarch64.manylinux2014_aarch64.whl", hash = "sha256:33eb1d4e609c835966e969a31b1dedf5ba16b38cab356c2ce4f3e33ffa94cad3"},
    {file = "httptools-0.6.0-cp310-cp310-manylinux_2_5_x86_64.manylinux1_x86_64.manylinux_2_17_x86_64.manylinux2014_x86_64.whl", hash = "sha256:6bdc6675ec6cb79d27e0575750ac6e2b47032742e24eed011b8db73f2da9ed40"},
    {file = "httptools-0.6.0-cp310-cp310-musllinux_1_1_aarch64.whl", hash = "sha256:463c3bc5ef64b9cf091be9ac0e0556199503f6e80456b790a917774a616aff6e"},
    {file = "httptools-0.6.0-cp310-cp310-musllinux_1_1_x86_64.whl", hash = "sha256:82f228b88b0e8c6099a9c4757ce9fdbb8b45548074f8d0b1f0fc071e35655d1c"},
    {file = "httptools-0.6.0-cp310-cp310-win_amd64.whl", hash = "sha256:0781fedc610293a2716bc7fa142d4c85e6776bc59d617a807ff91246a95dea35"},
    {file = "httptools-0.6.0-cp311-cp311-macosx_10_9_universal2.whl", hash = "sha256:721e503245d591527cddd0f6fd771d156c509e831caa7a57929b55ac91ee2b51"},
    {file = "httptools-0.6.0-cp311-cp311-macosx_10_9_x86_64.whl", hash = "sha256:274bf20eeb41b0956e34f6a81f84d26ed57c84dd9253f13dcb7174b27ccd8aaf"},
    {file = "httptools-0.6.0-cp311-cp311-manylinux_2_17_aarch64.manylinux2014_aarch64.whl", hash = "sha256:259920bbae18740a40236807915def554132ad70af5067e562f4660b62c59b90"},
    {file = "httptools-0.6.0-cp311-cp311-manylinux_2_5_x86_64.manylinux1_x86_64.manylinux_2_17_x86_64.manylinux2014_x86_64.whl", hash = "sha256:03bfd2ae8a2d532952ac54445a2fb2504c804135ed28b53fefaf03d3a93eb1fd"},
    {file = "httptools-0.6.0-cp311-cp311-musllinux_1_1_aarch64.whl", hash = "sha256:f959e4770b3fc8ee4dbc3578fd910fab9003e093f20ac8c621452c4d62e517cb"},
    {file = "httptools-0.6.0-cp311-cp311-musllinux_1_1_x86_64.whl", hash = "sha256:6e22896b42b95b3237eccc42278cd72c0df6f23247d886b7ded3163452481e38"},
    {file = "httptools-0.6.0-cp311-cp311-win_amd64.whl", hash = "sha256:38f3cafedd6aa20ae05f81f2e616ea6f92116c8a0f8dcb79dc798df3356836e2"},
    {file = "httptools-0.6.0-cp37-cp37m-macosx_10_9_x86_64.whl", hash = "sha256:47043a6e0ea753f006a9d0dd076a8f8c99bc0ecae86a0888448eb3076c43d717"},
    {file = "httptools-0.6.0-cp37-cp37m-manylinux_2_17_aarch64.manylinux2014_aarch64.whl", hash = "sha256:35a541579bed0270d1ac10245a3e71e5beeb1903b5fbbc8d8b4d4e728d48ff1d"},
    {file = "httptools-0.6.0-cp37-cp37m-manylinux_2_5_x86_64.manylinux1_x86_64.manylinux_2_17_x86_64.manylinux2014_x86_64.whl", hash = "sha256:65d802e7b2538a9756df5acc062300c160907b02e15ed15ba035b02bce43e89c"},
    {file = "httptools-0.6.0-cp37-cp37m-musllinux_1_1_aarch64.whl", hash = "sha256:26326e0a8fe56829f3af483200d914a7cd16d8d398d14e36888b56de30bec81a"},
    {file = "httptools-0.6.0-cp37-cp37m-musllinux_1_1_x86_64.whl", hash = "sha256:e41ccac9e77cd045f3e4ee0fc62cbf3d54d7d4b375431eb855561f26ee7a9ec4"},
    {file = "httptools-0.6.0-cp37-cp37m-win_amd64.whl", hash = "sha256:4e748fc0d5c4a629988ef50ac1aef99dfb5e8996583a73a717fc2cac4ab89932"},
    {file = "httptools-0.6.0-cp38-cp38-macosx_10_9_universal2.whl", hash = "sha256:cf8169e839a0d740f3d3c9c4fa630ac1a5aaf81641a34575ca6773ed7ce041a1"},
    {file = "httptools-0.6.0-cp38-cp38-macosx_10_9_x86_64.whl", hash = "sha256:5dcc14c090ab57b35908d4a4585ec5c0715439df07be2913405991dbb37e049d"},
    {file = "httptools-0.6.0-cp38-cp38-manylinux_2_17_aarch64.manylinux2014_aarch64.whl", hash = "sha256:0d0b0571806a5168013b8c3d180d9f9d6997365a4212cb18ea20df18b938aa0b"},
    {file = "httptools-0.6.0-cp38-cp38-manylinux_2_5_x86_64.manylinux1_x86_64.manylinux_2_17_x86_64.manylinux2014_x86_64.whl", hash = "sha256:0fb4a608c631f7dcbdf986f40af7a030521a10ba6bc3d36b28c1dc9e9035a3c0"},
    {file = "httptools-0.6.0-cp38-cp38-musllinux_1_1_aarch64.whl", hash = "sha256:93f89975465133619aea8b1952bc6fa0e6bad22a447c6d982fc338fbb4c89649"},
    {file = "httptools-0.6.0-cp38-cp38-musllinux_1_1_x86_64.whl", hash = "sha256:73e9d66a5a28b2d5d9fbd9e197a31edd02be310186db423b28e6052472dc8201"},
    {file = "httptools-0.6.0-cp38-cp38-win_amd64.whl", hash = "sha256:22c01fcd53648162730a71c42842f73b50f989daae36534c818b3f5050b54589"},
    {file = "httptools-0.6.0-cp39-cp39-macosx_10_9_universal2.whl", hash = "sha256:3f96d2a351b5625a9fd9133c95744e8ca06f7a4f8f0b8231e4bbaae2c485046a"},
    {file = "httptools-0.6.0-cp39-cp39-macosx_10_9_x86_64.whl", hash = "sha256:72ec7c70bd9f95ef1083d14a755f321d181f046ca685b6358676737a5fecd26a"},
    {file = "httptools-0.6.0-cp39-cp39-manylinux_2_17_aarch64.manylinux2014_aarch64.whl", hash = "sha256:b703d15dbe082cc23266bf5d9448e764c7cb3fcfe7cb358d79d3fd8248673ef9"},
    {file = "httptools-0.6.0-cp39-cp39-manylinux_2_5_x86_64.manylinux1_x86_64.manylinux_2_17_x86_64.manylinux2014_x86_64.whl", hash = "sha256:82c723ed5982f8ead00f8e7605c53e55ffe47c47465d878305ebe0082b6a1755"},
    {file = "httptools-0.6.0-cp39-cp39-musllinux_1_1_aarch64.whl", hash = "sha256:b0a816bb425c116a160fbc6f34cece097fd22ece15059d68932af686520966bd"},
    {file = "httptools-0.6.0-cp39-cp39-musllinux_1_1_x86_64.whl", hash = "sha256:dea66d94e5a3f68c5e9d86e0894653b87d952e624845e0b0e3ad1c733c6cc75d"},
    {file = "httptools-0.6.0-cp39-cp39-win_amd64.whl", hash = "sha256:23b09537086a5a611fad5696fc8963d67c7e7f98cb329d38ee114d588b0b74cd"},
    {file = "httptools-0.6.0.tar.gz", hash = "sha256:9fc6e409ad38cbd68b177cd5158fc4042c796b82ca88d99ec78f07bed6c6b796"},
]

[package.extras]
test = ["Cython (>=0.29.24,<0.30.0)"]

[[package]]
name = "idna"
version = "3.4"
description = "Internationalized Domain Names in Applications (IDNA)"
optional = false
python-versions = ">=3.5"
files = [
    {file = "idna-3.4-py3-none-any.whl", hash = "sha256:90b77e79eaa3eba6de819a0c442c0b4ceefc341a7a2ab77d7562bf49f425c5c2"},
    {file = "idna-3.4.tar.gz", hash = "sha256:814f528e8dead7d329833b91c5faa87d60bf71824cd12a7530b5526063d02cb4"},
]

[[package]]
name = "pydantic"
version = "1.10.12"
description = "Data validation and settings management using python type hints"
optional = false
python-versions = ">=3.7"
files = [
    {file = "pydantic-1.10.12-cp310-cp310-macosx_10_9_x86_64.whl", hash = "sha256:a1fcb59f2f355ec350073af41d927bf83a63b50e640f4dbaa01053a28b7a7718"},
    {file = "pydantic-1.10.12-cp310-cp310-macosx_11_0_arm64.whl", hash = "sha256:b7ccf02d7eb340b216ec33e53a3a629856afe1c6e0ef91d84a4e6f2fb2ca70fe"},
    {file = "pydantic-1.10.12-cp310-cp310-manylinux_2_17_x86_64.manylinux2014_x86_64.whl", hash = "sha256:8fb2aa3ab3728d950bcc885a2e9eff6c8fc40bc0b7bb434e555c215491bcf48b"},
    {file = "pydantic-1.10.12-cp310-cp310-manylinux_2_5_i686.manylinux1_i686.manylinux_2_17_i686.manylinux2014_i686.whl", hash = "sha256:771735dc43cf8383959dc9b90aa281f0b6092321ca98677c5fb6125a6f56d58d"},
    {file = "pydantic-1.10.12-cp310-cp310-musllinux_1_1_i686.whl", hash = "sha256:ca48477862372ac3770969b9d75f1bf66131d386dba79506c46d75e6b48c1e09"},
    {file = "pydantic-1.10.12-cp310-cp310-musllinux_1_1_x86_64.whl", hash = "sha256:a5e7add47a5b5a40c49b3036d464e3c7802f8ae0d1e66035ea16aa5b7a3923ed"},
    {file = "pydantic-1.10.12-cp310-cp310-win_amd64.whl", hash = "sha256:e4129b528c6baa99a429f97ce733fff478ec955513630e61b49804b6cf9b224a"},
    {file = "pydantic-1.10.12-cp311-cp311-macosx_10_9_x86_64.whl", hash = "sha256:b0d191db0f92dfcb1dec210ca244fdae5cbe918c6050b342d619c09d31eea0cc"},
    {file = "pydantic-1.10.12-cp311-cp311-macosx_11_0_arm64.whl", hash = "sha256:795e34e6cc065f8f498c89b894a3c6da294a936ee71e644e4bd44de048af1405"},
    {file = "pydantic-1.10.12-cp311-cp311-manylinux_2_17_x86_64.manylinux2014_x86_64.whl", hash = "sha256:69328e15cfda2c392da4e713443c7dbffa1505bc9d566e71e55abe14c97ddc62"},
    {file = "pydantic-1.10.12-cp311-cp311-manylinux_2_5_i686.manylinux1_i686.manylinux_2_17_i686.manylinux2014_i686.whl", hash = "sha256:2031de0967c279df0d8a1c72b4ffc411ecd06bac607a212892757db7462fc494"},
    {file = "pydantic-1.10.12-cp311-cp311-musllinux_1_1_i686.whl", hash = "sha256:ba5b2e6fe6ca2b7e013398bc7d7b170e21cce322d266ffcd57cca313e54fb246"},
    {file = "pydantic-1.10.12-cp311-cp311-musllinux_1_1_x86_64.whl", hash = "sha256:2a7bac939fa326db1ab741c9d7f44c565a1d1e80908b3797f7f81a4f86bc8d33"},
    {file = "pydantic-1.10.12-cp311-cp311-win_amd64.whl", hash = "sha256:87afda5539d5140cb8ba9e8b8c8865cb5b1463924d38490d73d3ccfd80896b3f"},
    {file = "pydantic-1.10.12-cp37-cp37m-macosx_10_9_x86_64.whl", hash = "sha256:549a8e3d81df0a85226963611950b12d2d334f214436a19537b2efed61b7639a"},
    {file = "pydantic-1.10.12-cp37-cp37m-manylinux_2_17_x86_64.manylinux2014_x86_64.whl", hash = "sha256:598da88dfa127b666852bef6d0d796573a8cf5009ffd62104094a4fe39599565"},
    {file = "pydantic-1.10.12-cp37-cp37m-manylinux_2_5_i686.manylinux1_i686.manylinux_2_17_i686.manylinux2014_i686.whl", hash = "sha256:ba5c4a8552bff16c61882db58544116d021d0b31ee7c66958d14cf386a5b5350"},
    {file = "pydantic-1.10.12-cp37-cp37m-musllinux_1_1_i686.whl", hash = "sha256:c79e6a11a07da7374f46970410b41d5e266f7f38f6a17a9c4823db80dadf4303"},
    {file = "pydantic-1.10.12-cp37-cp37m-musllinux_1_1_x86_64.whl", hash = "sha256:ab26038b8375581dc832a63c948f261ae0aa21f1d34c1293469f135fa92972a5"},
    {file = "pydantic-1.10.12-cp37-cp37m-win_amd64.whl", hash = "sha256:e0a16d274b588767602b7646fa05af2782576a6cf1022f4ba74cbb4db66f6ca8"},
    {file = "pydantic-1.10.12-cp38-cp38-macosx_10_9_x86_64.whl", hash = "sha256:6a9dfa722316f4acf4460afdf5d41d5246a80e249c7ff475c43a3a1e9d75cf62"},
    {file = "pydantic-1.10.12-cp38-cp38-macosx_11_0_arm64.whl", hash = "sha256:a73f489aebd0c2121ed974054cb2759af8a9f747de120acd2c3394cf84176ccb"},
    {file = "pydantic-1.10.12-cp38-cp38-manylinux_2_17_x86_64.manylinux2014_x86_64.whl", hash = "sha256:6b30bcb8cbfccfcf02acb8f1a261143fab622831d9c0989707e0e659f77a18e0"},
    {file = "pydantic-1.10.12-cp38-cp38-manylinux_2_5_i686.manylinux1_i686.manylinux_2_17_i686.manylinux2014_i686.whl", hash = "sha256:2fcfb5296d7877af406ba1547dfde9943b1256d8928732267e2653c26938cd9c"},
    {file = "pydantic-1.10.12-cp38-cp38-musllinux_1_1_i686.whl", hash = "sha256:2f9a6fab5f82ada41d56b0602606a5506aab165ca54e52bc4545028382ef1c5d"},
    {file = "pydantic-1.10.12-cp38-cp38-musllinux_1_1_x86_64.whl", hash = "sha256:dea7adcc33d5d105896401a1f37d56b47d443a2b2605ff8a969a0ed5543f7e33"},
    {file = "pydantic-1.10.12-cp38-cp38-win_amd64.whl", hash = "sha256:1eb2085c13bce1612da8537b2d90f549c8cbb05c67e8f22854e201bde5d98a47"},
    {file = "pydantic-1.10.12-cp39-cp39-macosx_10_9_x86_64.whl", hash = "sha256:ef6c96b2baa2100ec91a4b428f80d8f28a3c9e53568219b6c298c1125572ebc6"},
    {file = "pydantic-1.10.12-cp39-cp39-macosx_11_0_arm64.whl", hash = "sha256:6c076be61cd0177a8433c0adcb03475baf4ee91edf5a4e550161ad57fc90f523"},
    {file = "pydantic-1.10.12-cp39-cp39-manylinux_2_17_x86_64.manylinux2014_x86_64.whl", hash = "sha256:2d5a58feb9a39f481eda4d5ca220aa8b9d4f21a41274760b9bc66bfd72595b86"},
    {file = "pydantic-1.10.12-cp39-cp39-manylinux_2_5_i686.manylinux1_i686.manylinux_2_17_i686.manylinux2014_i686.whl", hash = "sha256:e5f805d2d5d0a41633651a73fa4ecdd0b3d7a49de4ec3fadf062fe16501ddbf1"},
    {file = "pydantic-1.10.12-cp39-cp39-musllinux_1_1_i686.whl", hash = "sha256:1289c180abd4bd4555bb927c42ee42abc3aee02b0fb2d1223fb7c6e5bef87dbe"},
    {file = "pydantic-1.10.12-cp39-cp39-musllinux_1_1_x86_64.whl", hash = "sha256:5d1197e462e0364906cbc19681605cb7c036f2475c899b6f296104ad42b9f5fb"},
    {file = "pydantic-1.10.12-cp39-cp39-win_amd64.whl", hash = "sha256:fdbdd1d630195689f325c9ef1a12900524dceb503b00a987663ff4f58669b93d"},
    {file = "pydantic-1.10.12-py3-none-any.whl", hash = "sha256:b749a43aa51e32839c9d71dc67eb1e4221bb04af1033a32e3923d46f9effa942"},
    {file = "pydantic-1.10.12.tar.gz", hash = "sha256:0fe8a415cea8f340e7a9af9c54fc71a649b43e8ca3cc732986116b3cb135d303"},
]

[package.dependencies]
typing-extensions = ">=4.2.0"

[package.extras]
dotenv = ["python-dotenv (>=0.10.4)"]
email = ["email-validator (>=1.0.3)"]

[[package]]
name = "python-dotenv"
version = "1.0.0"
description = "Read key-value pairs from a .env file and set them as environment variables"
optional = false
python-versions = ">=3.8"
files = [
    {file = "python-dotenv-1.0.0.tar.gz", hash = "sha256:a8df96034aae6d2d50a4ebe8216326c61c3eb64836776504fcca410e5937a3ba"},
    {file = "python_dotenv-1.0.0-py3-none-any.whl", hash = "sha256:f5971a9226b701070a4bf2c38c89e5a3f0d64de8debda981d1db98583009122a"},
]

[package.extras]
cli = ["click (>=5.0)"]

[[package]]
name = "pyyaml"
version = "6.0.1"
description = "YAML parser and emitter for Python"
optional = false
python-versions = ">=3.6"
files = [
    {file = "PyYAML-6.0.1-cp310-cp310-macosx_10_9_x86_64.whl", hash = "sha256:d858aa552c999bc8a8d57426ed01e40bef403cd8ccdd0fc5f6f04a00414cac2a"},
    {file = "PyYAML-6.0.1-cp310-cp310-macosx_11_0_arm64.whl", hash = "sha256:fd66fc5d0da6d9815ba2cebeb4205f95818ff4b79c3ebe268e75d961704af52f"},
    {file = "PyYAML-6.0.1-cp310-cp310-manylinux_2_17_aarch64.manylinux2014_aarch64.whl", hash = "sha256:69b023b2b4daa7548bcfbd4aa3da05b3a74b772db9e23b982788168117739938"},
    {file = "PyYAML-6.0.1-cp310-cp310-manylinux_2_17_s390x.manylinux2014_s390x.whl", hash = "sha256:81e0b275a9ecc9c0c0c07b4b90ba548307583c125f54d5b6946cfee6360c733d"},
    {file = "PyYAML-6.0.1-cp310-cp310-manylinux_2_17_x86_64.manylinux2014_x86_64.whl", hash = "sha256:ba336e390cd8e4d1739f42dfe9bb83a3cc2e80f567d8805e11b46f4a943f5515"},
    {file = "PyYAML-6.0.1-cp310-cp310-win32.whl", hash = "sha256:bd4af7373a854424dabd882decdc5579653d7868b8fb26dc7d0e99f823aa5924"},
    {file = "PyYAML-6.0.1-cp310-cp310-win_amd64.whl", hash = "sha256:fd1592b3fdf65fff2ad0004b5e363300ef59ced41c2e6b3a99d4089fa8c5435d"},
    {file = "PyYAML-6.0.1-cp311-cp311-macosx_10_9_x86_64.whl", hash = "sha256:6965a7bc3cf88e5a1c3bd2e0b5c22f8d677dc88a455344035f03399034eb3007"},
    {file = "PyYAML-6.0.1-cp311-cp311-macosx_11_0_arm64.whl", hash = "sha256:f003ed9ad21d6a4713f0a9b5a7a0a79e08dd0f221aff4525a2be4c346ee60aab"},
    {file = "PyYAML-6.0.1-cp311-cp311-manylinux_2_17_aarch64.manylinux2014_aarch64.whl", hash = "sha256:42f8152b8dbc4fe7d96729ec2b99c7097d656dc1213a3229ca5383f973a5ed6d"},
    {file = "PyYAML-6.0.1-cp311-cp311-manylinux_2_17_s390x.manylinux2014_s390x.whl", hash = "sha256:062582fca9fabdd2c8b54a3ef1c978d786e0f6b3a1510e0ac93ef59e0ddae2bc"},
    {file = "PyYAML-6.0.1-cp311-cp311-manylinux_2_17_x86_64.manylinux2014_x86_64.whl", hash = "sha256:d2b04aac4d386b172d5b9692e2d2da8de7bfb6c387fa4f801fbf6fb2e6ba4673"},
    {file = "PyYAML-6.0.1-cp311-cp311-win32.whl", hash = "sha256:1635fd110e8d85d55237ab316b5b011de701ea0f29d07611174a1b42f1444741"},
    {file = "PyYAML-6.0.1-cp311-cp311-win_amd64.whl", hash = "sha256:bf07ee2fef7014951eeb99f56f39c9bb4af143d8aa3c21b1677805985307da34"},
    {file = "PyYAML-6.0.1-cp36-cp36m-macosx_10_9_x86_64.whl", hash = "sha256:50550eb667afee136e9a77d6dc71ae76a44df8b3e51e41b77f6de2932bfe0f47"},
    {file = "PyYAML-6.0.1-cp36-cp36m-manylinux_2_17_aarch64.manylinux2014_aarch64.whl", hash = "sha256:1fe35611261b29bd1de0070f0b2f47cb6ff71fa6595c077e42bd0c419fa27b98"},
    {file = "PyYAML-6.0.1-cp36-cp36m-manylinux_2_17_s390x.manylinux2014_s390x.whl", hash = "sha256:704219a11b772aea0d8ecd7058d0082713c3562b4e271b849ad7dc4a5c90c13c"},
    {file = "PyYAML-6.0.1-cp36-cp36m-manylinux_2_17_x86_64.manylinux2014_x86_64.whl", hash = "sha256:afd7e57eddb1a54f0f1a974bc4391af8bcce0b444685d936840f125cf046d5bd"},
    {file = "PyYAML-6.0.1-cp36-cp36m-win32.whl", hash = "sha256:fca0e3a251908a499833aa292323f32437106001d436eca0e6e7833256674585"},
    {file = "PyYAML-6.0.1-cp36-cp36m-win_amd64.whl", hash = "sha256:f22ac1c3cac4dbc50079e965eba2c1058622631e526bd9afd45fedd49ba781fa"},
    {file = "PyYAML-6.0.1-cp37-cp37m-macosx_10_9_x86_64.whl", hash = "sha256:b1275ad35a5d18c62a7220633c913e1b42d44b46ee12554e5fd39c70a243d6a3"},
    {file = "PyYAML-6.0.1-cp37-cp37m-manylinux_2_17_aarch64.manylinux2014_aarch64.whl", hash = "sha256:18aeb1bf9a78867dc38b259769503436b7c72f7a1f1f4c93ff9a17de54319b27"},
    {file = "PyYAML-6.0.1-cp37-cp37m-manylinux_2_17_s390x.manylinux2014_s390x.whl", hash = "sha256:596106435fa6ad000c2991a98fa58eeb8656ef2325d7e158344fb33864ed87e3"},
    {file = "PyYAML-6.0.1-cp37-cp37m-manylinux_2_17_x86_64.manylinux2014_x86_64.whl", hash = "sha256:baa90d3f661d43131ca170712d903e6295d1f7a0f595074f151c0aed377c9b9c"},
    {file = "PyYAML-6.0.1-cp37-cp37m-win32.whl", hash = "sha256:9046c58c4395dff28dd494285c82ba00b546adfc7ef001486fbf0324bc174fba"},
    {file = "PyYAML-6.0.1-cp37-cp37m-win_amd64.whl", hash = "sha256:4fb147e7a67ef577a588a0e2c17b6db51dda102c71de36f8549b6816a96e1867"},
    {file = "PyYAML-6.0.1-cp38-cp38-macosx_10_9_x86_64.whl", hash = "sha256:1d4c7e777c441b20e32f52bd377e0c409713e8bb1386e1099c2415f26e479595"},
    {file = "PyYAML-6.0.1-cp38-cp38-manylinux_2_17_aarch64.manylinux2014_aarch64.whl", hash = "sha256:a0cd17c15d3bb3fa06978b4e8958dcdc6e0174ccea823003a106c7d4d7899ac5"},
    {file = "PyYAML-6.0.1-cp38-cp38-manylinux_2_17_s390x.manylinux2014_s390x.whl", hash = "sha256:28c119d996beec18c05208a8bd78cbe4007878c6dd15091efb73a30e90539696"},
    {file = "PyYAML-6.0.1-cp38-cp38-manylinux_2_17_x86_64.manylinux2014_x86_64.whl", hash = "sha256:7e07cbde391ba96ab58e532ff4803f79c4129397514e1413a7dc761ccd755735"},
    {file = "PyYAML-6.0.1-cp38-cp38-win32.whl", hash = "sha256:184c5108a2aca3c5b3d3bf9395d50893a7ab82a38004c8f61c258d4428e80206"},
    {file = "PyYAML-6.0.1-cp38-cp38-win_amd64.whl", hash = "sha256:1e2722cc9fbb45d9b87631ac70924c11d3a401b2d7f410cc0e3bbf249f2dca62"},
    {file = "PyYAML-6.0.1-cp39-cp39-macosx_10_9_x86_64.whl", hash = "sha256:9eb6caa9a297fc2c2fb8862bc5370d0303ddba53ba97e71f08023b6cd73d16a8"},
    {file = "PyYAML-6.0.1-cp39-cp39-macosx_11_0_arm64.whl", hash = "sha256:c8098ddcc2a85b61647b2590f825f3db38891662cfc2fc776415143f599bb859"},
    {file = "PyYAML-6.0.1-cp39-cp39-manylinux_2_17_aarch64.manylinux2014_aarch64.whl", hash = "sha256:5773183b6446b2c99bb77e77595dd486303b4faab2b086e7b17bc6bef28865f6"},
    {file = "PyYAML-6.0.1-cp39-cp39-manylinux_2_17_s390x.manylinux2014_s390x.whl", hash = "sha256:b786eecbdf8499b9ca1d697215862083bd6d2a99965554781d0d8d1ad31e13a0"},
    {file = "PyYAML-6.0.1-cp39-cp39-manylinux_2_17_x86_64.manylinux2014_x86_64.whl", hash = "sha256:bc1bf2925a1ecd43da378f4db9e4f799775d6367bdb94671027b73b393a7c42c"},
    {file = "PyYAML-6.0.1-cp39-cp39-win32.whl", hash = "sha256:faca3bdcf85b2fc05d06ff3fbc1f83e1391b3e724afa3feba7d13eeab355484c"},
    {file = "PyYAML-6.0.1-cp39-cp39-win_amd64.whl", hash = "sha256:510c9deebc5c0225e8c96813043e62b680ba2f9c50a08d3724c7f28a747d1486"},
    {file = "PyYAML-6.0.1.tar.gz", hash = "sha256:bfdf460b1736c775f2ba9f6a92bca30bc2095067b8a9d77876d1fad6cc3b4a43"},
]

[[package]]
name = "sniffio"
version = "1.3.0"
description = "Sniff out which async library your code is running under"
optional = false
python-versions = ">=3.7"
files = [
    {file = "sniffio-1.3.0-py3-none-any.whl", hash = "sha256:eecefdce1e5bbfb7ad2eeaabf7c1eeb404d7757c379bd1f7e5cce9d8bf425384"},
    {file = "sniffio-1.3.0.tar.gz", hash = "sha256:e60305c5e5d314f5389259b7f22aaa33d8f7dee49763119234af3755c55b9101"},
]

[[package]]
name = "starlette"
version = "0.27.0"
description = "The little ASGI library that shines."
optional = false
python-versions = ">=3.7"
files = [
    {file = "starlette-0.27.0-py3-none-any.whl", hash = "sha256:918416370e846586541235ccd38a474c08b80443ed31c578a418e2209b3eef91"},
    {file = "starlette-0.27.0.tar.gz", hash = "sha256:6a6b0d042acb8d469a01eba54e9cda6cbd24ac602c4cd016723117d6a7e73b75"},
]

[package.dependencies]
anyio = ">=3.4.0,<5"

[package.extras]
full = ["httpx (>=0.22.0)", "itsdangerous", "jinja2", "python-multipart", "pyyaml"]

[[package]]
name = "typing-extensions"
version = "4.7.1"
description = "Backported and Experimental Type Hints for Python 3.7+"
optional = false
python-versions = ">=3.7"
files = [
    {file = "typing_extensions-4.7.1-py3-none-any.whl", hash = "sha256:440d5dd3af93b060174bf433bccd69b0babc3b15b1a8dca43789fd7f61514b36"},
    {file = "typing_extensions-4.7.1.tar.gz", hash = "sha256:b75ddc264f0ba5615db7ba217daeb99701ad295353c45f9e95963337ceeeffb2"},
]

[[package]]
name = "uvicorn"
version = "0.21.1"
description = "The lightning-fast ASGI server."
optional = false
python-versions = ">=3.7"
files = [
    {file = "uvicorn-0.21.1-py3-none-any.whl", hash = "sha256:e47cac98a6da10cd41e6fd036d472c6f58ede6c5dbee3dbee3ef7a100ed97742"},
    {file = "uvicorn-0.21.1.tar.gz", hash = "sha256:0fac9cb342ba099e0d582966005f3fdba5b0290579fed4a6266dc702ca7bb032"},
]

[package.dependencies]
click = ">=7.0"
colorama = {version = ">=0.4", optional = true, markers = "sys_platform == \"win32\" and extra == \"standard\""}
h11 = ">=0.8"
httptools = {version = ">=0.5.0", optional = true, markers = "extra == \"standard\""}
python-dotenv = {version = ">=0.13", optional = true, markers = "extra == \"standard\""}
pyyaml = {version = ">=5.1", optional = true, markers = "extra == \"standard\""}
uvloop = {version = ">=0.14.0,<0.15.0 || >0.15.0,<0.15.1 || >0.15.1", optional = true, markers = "(sys_platform != \"win32\" and sys_platform != \"cygwin\") and platform_python_implementation != \"PyPy\" and extra == \"standard\""}
watchfiles = {version = ">=0.13", optional = true, markers = "extra == \"standard\""}
websockets = {version = ">=10.4", optional = true, markers = "extra == \"standard\""}

[package.extras]
standard = ["colorama (>=0.4)", "httptools (>=0.5.0)", "python-dotenv (>=0.13)", "pyyaml (>=5.1)", "uvloop (>=0.14.0,!=0.15.0,!=0.15.1)", "watchfiles (>=0.13)", "websockets (>=10.4)"]

[[package]]
name = "uvloop"
version = "0.17.0"
description = "Fast implementation of asyncio event loop on top of libuv"
optional = false
python-versions = ">=3.7"
files = [
    {file = "uvloop-0.17.0-cp310-cp310-macosx_10_9_universal2.whl", hash = "sha256:ce9f61938d7155f79d3cb2ffa663147d4a76d16e08f65e2c66b77bd41b356718"},
    {file = "uvloop-0.17.0-cp310-cp310-macosx_10_9_x86_64.whl", hash = "sha256:68532f4349fd3900b839f588972b3392ee56042e440dd5873dfbbcd2cc67617c"},
    {file = "uvloop-0.17.0-cp310-cp310-manylinux_2_17_aarch64.manylinux2014_aarch64.whl", hash = "sha256:0949caf774b9fcefc7c5756bacbbbd3fc4c05a6b7eebc7c7ad6f825b23998d6d"},
    {file = "uvloop-0.17.0-cp310-cp310-manylinux_2_17_x86_64.manylinux2014_x86_64.whl", hash = "sha256:ff3d00b70ce95adce264462c930fbaecb29718ba6563db354608f37e49e09024"},
    {file = "uvloop-0.17.0-cp310-cp310-musllinux_1_1_aarch64.whl", hash = "sha256:a5abddb3558d3f0a78949c750644a67be31e47936042d4f6c888dd6f3c95f4aa"},
    {file = "uvloop-0.17.0-cp310-cp310-musllinux_1_1_x86_64.whl", hash = "sha256:8efcadc5a0003d3a6e887ccc1fb44dec25594f117a94e3127954c05cf144d811"},
    {file = "uvloop-0.17.0-cp311-cp311-macosx_10_9_universal2.whl", hash = "sha256:3378eb62c63bf336ae2070599e49089005771cc651c8769aaad72d1bd9385a7c"},
    {file = "uvloop-0.17.0-cp311-cp311-macosx_10_9_x86_64.whl", hash = "sha256:6aafa5a78b9e62493539456f8b646f85abc7093dd997f4976bb105537cf2635e"},
    {file = "uvloop-0.17.0-cp311-cp311-manylinux_2_17_aarch64.manylinux2014_aarch64.whl", hash = "sha256:c686a47d57ca910a2572fddfe9912819880b8765e2f01dc0dd12a9bf8573e539"},
    {file = "uvloop-0.17.0-cp311-cp311-manylinux_2_17_x86_64.manylinux2014_x86_64.whl", hash = "sha256:864e1197139d651a76c81757db5eb199db8866e13acb0dfe96e6fc5d1cf45fc4"},
    {file = "uvloop-0.17.0-cp311-cp311-musllinux_1_1_aarch64.whl", hash = "sha256:2a6149e1defac0faf505406259561bc14b034cdf1d4711a3ddcdfbaa8d825a05"},
    {file = "uvloop-0.17.0-cp311-cp311-musllinux_1_1_x86_64.whl", hash = "sha256:6708f30db9117f115eadc4f125c2a10c1a50d711461699a0cbfaa45b9a78e376"},
    {file = "uvloop-0.17.0-cp37-cp37m-macosx_10_9_x86_64.whl", hash = "sha256:23609ca361a7fc587031429fa25ad2ed7242941adec948f9d10c045bfecab06b"},
    {file = "uvloop-0.17.0-cp37-cp37m-manylinux_2_17_aarch64.manylinux2014_aarch64.whl", hash = "sha256:2deae0b0fb00a6af41fe60a675cec079615b01d68beb4cc7b722424406b126a8"},
    {file = "uvloop-0.17.0-cp37-cp37m-manylinux_2_17_x86_64.manylinux2014_x86_64.whl", hash = "sha256:45cea33b208971e87a31c17622e4b440cac231766ec11e5d22c76fab3bf9df62"},
    {file = "uvloop-0.17.0-cp37-cp37m-musllinux_1_1_aarch64.whl", hash = "sha256:9b09e0f0ac29eee0451d71798878eae5a4e6a91aa275e114037b27f7db72702d"},
    {file = "uvloop-0.17.0-cp37-cp37m-musllinux_1_1_x86_64.whl", hash = "sha256:dbbaf9da2ee98ee2531e0c780455f2841e4675ff580ecf93fe5c48fe733b5667"},
    {file = "uvloop-0.17.0-cp38-cp38-macosx_10_9_universal2.whl", hash = "sha256:a4aee22ece20958888eedbad20e4dbb03c37533e010fb824161b4f05e641f738"},
    {file = "uvloop-0.17.0-cp38-cp38-macosx_10_9_x86_64.whl", hash = "sha256:307958f9fc5c8bb01fad752d1345168c0abc5d62c1b72a4a8c6c06f042b45b20"},
    {file = "uvloop-0.17.0-cp38-cp38-manylinux_2_17_aarch64.manylinux2014_aarch64.whl", hash = "sha256:3ebeeec6a6641d0adb2ea71dcfb76017602ee2bfd8213e3fcc18d8f699c5104f"},
    {file = "uvloop-0.17.0-cp38-cp38-manylinux_2_17_x86_64.manylinux2014_x86_64.whl", hash = "sha256:1436c8673c1563422213ac6907789ecb2b070f5939b9cbff9ef7113f2b531595"},
    {file = "uvloop-0.17.0-cp38-cp38-musllinux_1_1_aarch64.whl", hash = "sha256:8887d675a64cfc59f4ecd34382e5b4f0ef4ae1da37ed665adba0c2badf0d6578"},
    {file = "uvloop-0.17.0-cp38-cp38-musllinux_1_1_x86_64.whl", hash = "sha256:3db8de10ed684995a7f34a001f15b374c230f7655ae840964d51496e2f8a8474"},
    {file = "uvloop-0.17.0-cp39-cp39-macosx_10_9_universal2.whl", hash = "sha256:7d37dccc7ae63e61f7b96ee2e19c40f153ba6ce730d8ba4d3b4e9738c1dccc1b"},
    {file = "uvloop-0.17.0-cp39-cp39-macosx_10_9_x86_64.whl", hash = "sha256:cbbe908fda687e39afd6ea2a2f14c2c3e43f2ca88e3a11964b297822358d0e6c"},
    {file = "uvloop-0.17.0-cp39-cp39-manylinux_2_17_aarch64.manylinux2014_aarch64.whl", hash = "sha256:3d97672dc709fa4447ab83276f344a165075fd9f366a97b712bdd3fee05efae8"},
    {file = "uvloop-0.17.0-cp39-cp39-manylinux_2_17_x86_64.manylinux2014_x86_64.whl", hash = "sha256:f1e507c9ee39c61bfddd79714e4f85900656db1aec4d40c6de55648e85c2799c"},
    {file = "uvloop-0.17.0-cp39-cp39-musllinux_1_1_aarch64.whl", hash = "sha256:c092a2c1e736086d59ac8e41f9c98f26bbf9b9222a76f21af9dfe949b99b2eb9"},
    {file = "uvloop-0.17.0-cp39-cp39-musllinux_1_1_x86_64.whl", hash = "sha256:30babd84706115626ea78ea5dbc7dd8d0d01a2e9f9b306d24ca4ed5796c66ded"},
    {file = "uvloop-0.17.0.tar.gz", hash = "sha256:0ddf6baf9cf11a1a22c71487f39f15b2cf78eb5bde7e5b45fbb99e8a9d91b9e1"},
]

[package.extras]
dev = ["Cython (>=0.29.32,<0.30.0)", "Sphinx (>=4.1.2,<4.2.0)", "aiohttp", "flake8 (>=3.9.2,<3.10.0)", "mypy (>=0.800)", "psutil", "pyOpenSSL (>=22.0.0,<22.1.0)", "pycodestyle (>=2.7.0,<2.8.0)", "pytest (>=3.6.0)", "sphinx-rtd-theme (>=0.5.2,<0.6.0)", "sphinxcontrib-asyncio (>=0.3.0,<0.4.0)"]
docs = ["Sphinx (>=4.1.2,<4.2.0)", "sphinx-rtd-theme (>=0.5.2,<0.6.0)", "sphinxcontrib-asyncio (>=0.3.0,<0.4.0)"]
test = ["Cython (>=0.29.32,<0.30.0)", "aiohttp", "flake8 (>=3.9.2,<3.10.0)", "mypy (>=0.800)", "psutil", "pyOpenSSL (>=22.0.0,<22.1.0)", "pycodestyle (>=2.7.0,<2.8.0)"]

[[package]]
name = "watchfiles"
version = "0.19.0"
description = "Simple, modern and high performance file watching and code reload in python."
optional = false
python-versions = ">=3.7"
files = [
    {file = "watchfiles-0.19.0-cp37-abi3-macosx_10_7_x86_64.whl", hash = "sha256:91633e64712df3051ca454ca7d1b976baf842d7a3640b87622b323c55f3345e7"},
    {file = "watchfiles-0.19.0-cp37-abi3-macosx_11_0_arm64.whl", hash = "sha256:b6577b8c6c8701ba8642ea9335a129836347894b666dd1ec2226830e263909d3"},
    {file = "watchfiles-0.19.0-cp37-abi3-manylinux_2_12_i686.manylinux2010_i686.whl", hash = "sha256:18b28f6ad871b82df9542ff958d0c86bb0d8310bb09eb8e87d97318a3b5273af"},
    {file = "watchfiles-0.19.0-cp37-abi3-manylinux_2_17_aarch64.manylinux2014_aarch64.whl", hash = "sha256:fac19dc9cbc34052394dbe81e149411a62e71999c0a19e1e09ce537867f95ae0"},
    {file = "watchfiles-0.19.0-cp37-abi3-manylinux_2_17_armv7l.manylinux2014_armv7l.whl", hash = "sha256:09ea3397aecbc81c19ed7f025e051a7387feefdb789cf768ff994c1228182fda"},
    {file = "watchfiles-0.19.0-cp37-abi3-manylinux_2_17_ppc64le.manylinux2014_ppc64le.whl", hash = "sha256:c0376deac92377817e4fb8f347bf559b7d44ff556d9bc6f6208dd3f79f104aaf"},
    {file = "watchfiles-0.19.0-cp37-abi3-manylinux_2_17_s390x.manylinux2014_s390x.whl", hash = "sha256:9c75eff897786ee262c9f17a48886f4e98e6cfd335e011c591c305e5d083c056"},
    {file = "watchfiles-0.19.0-cp37-abi3-manylinux_2_17_x86_64.manylinux2014_x86_64.whl", hash = "sha256:cb5d45c4143c1dd60f98a16187fd123eda7248f84ef22244818c18d531a249d1"},
    {file = "watchfiles-0.19.0-cp37-abi3-musllinux_1_1_aarch64.whl", hash = "sha256:79c533ff593db861ae23436541f481ec896ee3da4e5db8962429b441bbaae16e"},
    {file = "watchfiles-0.19.0-cp37-abi3-musllinux_1_1_x86_64.whl", hash = "sha256:3d7d267d27aceeeaa3de0dd161a0d64f0a282264d592e335fff7958cc0cbae7c"},
    {file = "watchfiles-0.19.0-cp37-abi3-win32.whl", hash = "sha256:176a9a7641ec2c97b24455135d58012a5be5c6217fc4d5fef0b2b9f75dbf5154"},
    {file = "watchfiles-0.19.0-cp37-abi3-win_amd64.whl", hash = "sha256:945be0baa3e2440151eb3718fd8846751e8b51d8de7b884c90b17d271d34cae8"},
    {file = "watchfiles-0.19.0-cp37-abi3-win_arm64.whl", hash = "sha256:0089c6dc24d436b373c3c57657bf4f9a453b13767150d17284fc6162b2791911"},
    {file = "watchfiles-0.19.0-pp38-pypy38_pp73-macosx_10_7_x86_64.whl", hash = "sha256:cae3dde0b4b2078f31527acff6f486e23abed307ba4d3932466ba7cdd5ecec79"},
    {file = "watchfiles-0.19.0-pp38-pypy38_pp73-macosx_11_0_arm64.whl", hash = "sha256:7f3920b1285a7d3ce898e303d84791b7bf40d57b7695ad549dc04e6a44c9f120"},
    {file = "watchfiles-0.19.0-pp38-pypy38_pp73-manylinux_2_17_aarch64.manylinux2014_aarch64.whl", hash = "sha256:9afd0d69429172c796164fd7fe8e821ade9be983f51c659a38da3faaaaac44dc"},
    {file = "watchfiles-0.19.0-pp38-pypy38_pp73-manylinux_2_17_x86_64.manylinux2014_x86_64.whl", hash = "sha256:68dce92b29575dda0f8d30c11742a8e2b9b8ec768ae414b54f7453f27bdf9545"},
    {file = "watchfiles-0.19.0-pp39-pypy39_pp73-macosx_10_7_x86_64.whl", hash = "sha256:5569fc7f967429d4bc87e355cdfdcee6aabe4b620801e2cf5805ea245c06097c"},
    {file = "watchfiles-0.19.0-pp39-pypy39_pp73-macosx_11_0_arm64.whl", hash = "sha256:5471582658ea56fca122c0f0d0116a36807c63fefd6fdc92c71ca9a4491b6b48"},
    {file = "watchfiles-0.19.0-pp39-pypy39_pp73-manylinux_2_17_aarch64.manylinux2014_aarch64.whl", hash = "sha256:b538014a87f94d92f98f34d3e6d2635478e6be6423a9ea53e4dd96210065e193"},
    {file = "watchfiles-0.19.0-pp39-pypy39_pp73-manylinux_2_17_x86_64.manylinux2014_x86_64.whl", hash = "sha256:20b44221764955b1e703f012c74015306fb7e79a00c15370785f309b1ed9aa8d"},
    {file = "watchfiles-0.19.0.tar.gz", hash = "sha256:d9b073073e048081e502b6c6b0b88714c026a1a4c890569238d04aca5f9ca74b"},
]

[package.dependencies]
anyio = ">=3.0.0"

[[package]]
name = "websockets"
version = "11.0.3"
description = "An implementation of the WebSocket Protocol (RFC 6455 & 7692)"
optional = false
python-versions = ">=3.7"
files = [
    {file = "websockets-11.0.3-cp310-cp310-macosx_10_9_universal2.whl", hash = "sha256:3ccc8a0c387629aec40f2fc9fdcb4b9d5431954f934da3eaf16cdc94f67dbfac"},
    {file = "websockets-11.0.3-cp310-cp310-macosx_10_9_x86_64.whl", hash = "sha256:d67ac60a307f760c6e65dad586f556dde58e683fab03323221a4e530ead6f74d"},
    {file = "websockets-11.0.3-cp310-cp310-macosx_11_0_arm64.whl", hash = "sha256:84d27a4832cc1a0ee07cdcf2b0629a8a72db73f4cf6de6f0904f6661227f256f"},
    {file = "websockets-11.0.3-cp310-cp310-manylinux_2_17_aarch64.manylinux2014_aarch64.whl", hash = "sha256:ffd7dcaf744f25f82190856bc26ed81721508fc5cbf2a330751e135ff1283564"},
    {file = "websockets-11.0.3-cp310-cp310-manylinux_2_5_i686.manylinux1_i686.manylinux_2_17_i686.manylinux2014_i686.whl", hash = "sha256:7622a89d696fc87af8e8d280d9b421db5133ef5b29d3f7a1ce9f1a7bf7fcfa11"},
    {file = "websockets-11.0.3-cp310-cp310-manylinux_2_5_x86_64.manylinux1_x86_64.manylinux_2_17_x86_64.manylinux2014_x86_64.whl", hash = "sha256:bceab846bac555aff6427d060f2fcfff71042dba6f5fca7dc4f75cac815e57ca"},
    {file = "websockets-11.0.3-cp310-cp310-musllinux_1_1_aarch64.whl", hash = "sha256:54c6e5b3d3a8936a4ab6870d46bdd6ec500ad62bde9e44462c32d18f1e9a8e54"},
    {file = "websockets-11.0.3-cp310-cp310-musllinux_1_1_i686.whl", hash = "sha256:41f696ba95cd92dc047e46b41b26dd24518384749ed0d99bea0a941ca87404c4"},
    {file = "websockets-11.0.3-cp310-cp310-musllinux_1_1_x86_64.whl", hash = "sha256:86d2a77fd490ae3ff6fae1c6ceaecad063d3cc2320b44377efdde79880e11526"},
    {file = "websockets-11.0.3-cp310-cp310-win32.whl", hash = "sha256:2d903ad4419f5b472de90cd2d40384573b25da71e33519a67797de17ef849b69"},
    {file = "websockets-11.0.3-cp310-cp310-win_amd64.whl", hash = "sha256:1d2256283fa4b7f4c7d7d3e84dc2ece74d341bce57d5b9bf385df109c2a1a82f"},
    {file = "websockets-11.0.3-cp311-cp311-macosx_10_9_universal2.whl", hash = "sha256:e848f46a58b9fcf3d06061d17be388caf70ea5b8cc3466251963c8345e13f7eb"},
    {file = "websockets-11.0.3-cp311-cp311-macosx_10_9_x86_64.whl", hash = "sha256:aa5003845cdd21ac0dc6c9bf661c5beddd01116f6eb9eb3c8e272353d45b3288"},
    {file = "websockets-11.0.3-cp311-cp311-macosx_11_0_arm64.whl", hash = "sha256:b58cbf0697721120866820b89f93659abc31c1e876bf20d0b3d03cef14faf84d"},
    {file = "websockets-11.0.3-cp311-cp311-manylinux_2_17_aarch64.manylinux2014_aarch64.whl", hash = "sha256:660e2d9068d2bedc0912af508f30bbeb505bbbf9774d98def45f68278cea20d3"},
    {file = "websockets-11.0.3-cp311-cp311-manylinux_2_5_i686.manylinux1_i686.manylinux_2_17_i686.manylinux2014_i686.whl", hash = "sha256:c1f0524f203e3bd35149f12157438f406eff2e4fb30f71221c8a5eceb3617b6b"},
    {file = "websockets-11.0.3-cp311-cp311-manylinux_2_5_x86_64.manylinux1_x86_64.manylinux_2_17_x86_64.manylinux2014_x86_64.whl", hash = "sha256:def07915168ac8f7853812cc593c71185a16216e9e4fa886358a17ed0fd9fcf6"},
    {file = "websockets-11.0.3-cp311-cp311-musllinux_1_1_aarch64.whl", hash = "sha256:b30c6590146e53149f04e85a6e4fcae068df4289e31e4aee1fdf56a0dead8f97"},
    {file = "websockets-11.0.3-cp311-cp311-musllinux_1_1_i686.whl", hash = "sha256:619d9f06372b3a42bc29d0cd0354c9bb9fb39c2cbc1a9c5025b4538738dbffaf"},
    {file = "websockets-11.0.3-cp311-cp311-musllinux_1_1_x86_64.whl", hash = "sha256:01f5567d9cf6f502d655151645d4e8b72b453413d3819d2b6f1185abc23e82dd"},
    {file = "websockets-11.0.3-cp311-cp311-win32.whl", hash = "sha256:e1459677e5d12be8bbc7584c35b992eea142911a6236a3278b9b5ce3326f282c"},
    {file = "websockets-11.0.3-cp311-cp311-win_amd64.whl", hash = "sha256:e7837cb169eca3b3ae94cc5787c4fed99eef74c0ab9506756eea335e0d6f3ed8"},
    {file = "websockets-11.0.3-cp37-cp37m-macosx_10_9_x86_64.whl", hash = "sha256:9f59a3c656fef341a99e3d63189852be7084c0e54b75734cde571182c087b152"},
    {file = "websockets-11.0.3-cp37-cp37m-manylinux_2_17_aarch64.manylinux2014_aarch64.whl", hash = "sha256:2529338a6ff0eb0b50c7be33dc3d0e456381157a31eefc561771ee431134a97f"},
    {file = "websockets-11.0.3-cp37-cp37m-manylinux_2_5_i686.manylinux1_i686.manylinux_2_17_i686.manylinux2014_i686.whl", hash = "sha256:34fd59a4ac42dff6d4681d8843217137f6bc85ed29722f2f7222bd619d15e95b"},
    {file = "websockets-11.0.3-cp37-cp37m-manylinux_2_5_x86_64.manylinux1_x86_64.manylinux_2_17_x86_64.manylinux2014_x86_64.whl", hash = "sha256:332d126167ddddec94597c2365537baf9ff62dfcc9db4266f263d455f2f031cb"},
    {file = "websockets-11.0.3-cp37-cp37m-musllinux_1_1_aarch64.whl", hash = "sha256:6505c1b31274723ccaf5f515c1824a4ad2f0d191cec942666b3d0f3aa4cb4007"},
    {file = "websockets-11.0.3-cp37-cp37m-musllinux_1_1_i686.whl", hash = "sha256:f467ba0050b7de85016b43f5a22b46383ef004c4f672148a8abf32bc999a87f0"},
    {file = "websockets-11.0.3-cp37-cp37m-musllinux_1_1_x86_64.whl", hash = "sha256:9d9acd80072abcc98bd2c86c3c9cd4ac2347b5a5a0cae7ed5c0ee5675f86d9af"},
    {file = "websockets-11.0.3-cp37-cp37m-win32.whl", hash = "sha256:e590228200fcfc7e9109509e4d9125eace2042fd52b595dd22bbc34bb282307f"},
    {file = "websockets-11.0.3-cp37-cp37m-win_amd64.whl", hash = "sha256:b16fff62b45eccb9c7abb18e60e7e446998093cdcb50fed33134b9b6878836de"},
    {file = "websockets-11.0.3-cp38-cp38-macosx_10_9_universal2.whl", hash = "sha256:fb06eea71a00a7af0ae6aefbb932fb8a7df3cb390cc217d51a9ad7343de1b8d0"},
    {file = "websockets-11.0.3-cp38-cp38-macosx_10_9_x86_64.whl", hash = "sha256:8a34e13a62a59c871064dfd8ffb150867e54291e46d4a7cf11d02c94a5275bae"},
    {file = "websockets-11.0.3-cp38-cp38-macosx_11_0_arm64.whl", hash = "sha256:4841ed00f1026dfbced6fca7d963c4e7043aa832648671b5138008dc5a8f6d99"},
    {file = "websockets-11.0.3-cp38-cp38-manylinux_2_17_aarch64.manylinux2014_aarch64.whl", hash = "sha256:1a073fc9ab1c8aff37c99f11f1641e16da517770e31a37265d2755282a5d28aa"},
    {file = "websockets-11.0.3-cp38-cp38-manylinux_2_5_i686.manylinux1_i686.manylinux_2_17_i686.manylinux2014_i686.whl", hash = "sha256:68b977f21ce443d6d378dbd5ca38621755f2063d6fdb3335bda981d552cfff86"},
    {file = "websockets-11.0.3-cp38-cp38-manylinux_2_5_x86_64.manylinux1_x86_64.manylinux_2_17_x86_64.manylinux2014_x86_64.whl", hash = "sha256:e1a99a7a71631f0efe727c10edfba09ea6bee4166a6f9c19aafb6c0b5917d09c"},
    {file = "websockets-11.0.3-cp38-cp38-musllinux_1_1_aarch64.whl", hash = "sha256:bee9fcb41db2a23bed96c6b6ead6489702c12334ea20a297aa095ce6d31370d0"},
    {file = "websockets-11.0.3-cp38-cp38-musllinux_1_1_i686.whl", hash = "sha256:4b253869ea05a5a073ebfdcb5cb3b0266a57c3764cf6fe114e4cd90f4bfa5f5e"},
    {file = "websockets-11.0.3-cp38-cp38-musllinux_1_1_x86_64.whl", hash = "sha256:1553cb82942b2a74dd9b15a018dce645d4e68674de2ca31ff13ebc2d9f283788"},
    {file = "websockets-11.0.3-cp38-cp38-win32.whl", hash = "sha256:f61bdb1df43dc9c131791fbc2355535f9024b9a04398d3bd0684fc16ab07df74"},
    {file = "websockets-11.0.3-cp38-cp38-win_amd64.whl", hash = "sha256:03aae4edc0b1c68498f41a6772d80ac7c1e33c06c6ffa2ac1c27a07653e79d6f"},
    {file = "websockets-11.0.3-cp39-cp39-macosx_10_9_universal2.whl", hash = "sha256:777354ee16f02f643a4c7f2b3eff8027a33c9861edc691a2003531f5da4f6bc8"},
    {file = "websockets-11.0.3-cp39-cp39-macosx_10_9_x86_64.whl", hash = "sha256:8c82f11964f010053e13daafdc7154ce7385ecc538989a354ccc7067fd7028fd"},
    {file = "websockets-11.0.3-cp39-cp39-macosx_11_0_arm64.whl", hash = "sha256:3580dd9c1ad0701169e4d6fc41e878ffe05e6bdcaf3c412f9d559389d0c9e016"},
    {file = "websockets-11.0.3-cp39-cp39-manylinux_2_17_aarch64.manylinux2014_aarch64.whl", hash = "sha256:6f1a3f10f836fab6ca6efa97bb952300b20ae56b409414ca85bff2ad241d2a61"},
    {file = "websockets-11.0.3-cp39-cp39-manylinux_2_5_i686.manylinux1_i686.manylinux_2_17_i686.manylinux2014_i686.whl", hash = "sha256:df41b9bc27c2c25b486bae7cf42fccdc52ff181c8c387bfd026624a491c2671b"},
    {file = "websockets-11.0.3-cp39-cp39-manylinux_2_5_x86_64.manylinux1_x86_64.manylinux_2_17_x86_64.manylinux2014_x86_64.whl", hash = "sha256:279e5de4671e79a9ac877427f4ac4ce93751b8823f276b681d04b2156713b9dd"},
    {file = "websockets-11.0.3-cp39-cp39-musllinux_1_1_aarch64.whl", hash = "sha256:1fdf26fa8a6a592f8f9235285b8affa72748dc12e964a5518c6c5e8f916716f7"},
    {file = "websockets-11.0.3-cp39-cp39-musllinux_1_1_i686.whl", hash = "sha256:69269f3a0b472e91125b503d3c0b3566bda26da0a3261c49f0027eb6075086d1"},
    {file = "websockets-11.0.3-cp39-cp39-musllinux_1_1_x86_64.whl", hash = "sha256:97b52894d948d2f6ea480171a27122d77af14ced35f62e5c892ca2fae9344311"},
    {file = "websockets-11.0.3-cp39-cp39-win32.whl", hash = "sha256:c7f3cb904cce8e1be667c7e6fef4516b98d1a6a0635a58a57528d577ac18a128"},
    {file = "websockets-11.0.3-cp39-cp39-win_amd64.whl", hash = "sha256:c792ea4eabc0159535608fc5658a74d1a81020eb35195dd63214dcf07556f67e"},
    {file = "websockets-11.0.3-pp37-pypy37_pp73-macosx_10_9_x86_64.whl", hash = "sha256:f2e58f2c36cc52d41f2659e4c0cbf7353e28c8c9e63e30d8c6d3494dc9fdedcf"},
    {file = "websockets-11.0.3-pp37-pypy37_pp73-manylinux_2_17_aarch64.manylinux2014_aarch64.whl", hash = "sha256:de36fe9c02995c7e6ae6efe2e205816f5f00c22fd1fbf343d4d18c3d5ceac2f5"},
    {file = "websockets-11.0.3-pp37-pypy37_pp73-manylinux_2_5_i686.manylinux1_i686.manylinux_2_17_i686.manylinux2014_i686.whl", hash = "sha256:0ac56b661e60edd453585f4bd68eb6a29ae25b5184fd5ba51e97652580458998"},
    {file = "websockets-11.0.3-pp37-pypy37_pp73-manylinux_2_5_x86_64.manylinux1_x86_64.manylinux_2_17_x86_64.manylinux2014_x86_64.whl", hash = "sha256:e052b8467dd07d4943936009f46ae5ce7b908ddcac3fda581656b1b19c083d9b"},
    {file = "websockets-11.0.3-pp37-pypy37_pp73-win_amd64.whl", hash = "sha256:42cc5452a54a8e46a032521d7365da775823e21bfba2895fb7b77633cce031bb"},
    {file = "websockets-11.0.3-pp38-pypy38_pp73-macosx_10_9_x86_64.whl", hash = "sha256:e6316827e3e79b7b8e7d8e3b08f4e331af91a48e794d5d8b099928b6f0b85f20"},
    {file = "websockets-11.0.3-pp38-pypy38_pp73-manylinux_2_17_aarch64.manylinux2014_aarch64.whl", hash = "sha256:8531fdcad636d82c517b26a448dcfe62f720e1922b33c81ce695d0edb91eb931"},
    {file = "websockets-11.0.3-pp38-pypy38_pp73-manylinux_2_5_i686.manylinux1_i686.manylinux_2_17_i686.manylinux2014_i686.whl", hash = "sha256:c114e8da9b475739dde229fd3bc6b05a6537a88a578358bc8eb29b4030fac9c9"},
    {file = "websockets-11.0.3-pp38-pypy38_pp73-manylinux_2_5_x86_64.manylinux1_x86_64.manylinux_2_17_x86_64.manylinux2014_x86_64.whl", hash = "sha256:e063b1865974611313a3849d43f2c3f5368093691349cf3c7c8f8f75ad7cb280"},
    {file = "websockets-11.0.3-pp38-pypy38_pp73-win_amd64.whl", hash = "sha256:92b2065d642bf8c0a82d59e59053dd2fdde64d4ed44efe4870fa816c1232647b"},
    {file = "websockets-11.0.3-pp39-pypy39_pp73-macosx_10_9_x86_64.whl", hash = "sha256:0ee68fe502f9031f19d495dae2c268830df2760c0524cbac5d759921ba8c8e82"},
    {file = "websockets-11.0.3-pp39-pypy39_pp73-manylinux_2_17_aarch64.manylinux2014_aarch64.whl", hash = "sha256:dcacf2c7a6c3a84e720d1bb2b543c675bf6c40e460300b628bab1b1efc7c034c"},
    {file = "websockets-11.0.3-pp39-pypy39_pp73-manylinux_2_5_i686.manylinux1_i686.manylinux_2_17_i686.manylinux2014_i686.whl", hash = "sha256:b67c6f5e5a401fc56394f191f00f9b3811fe843ee93f4a70df3c389d1adf857d"},
    {file = "websockets-11.0.3-pp39-pypy39_pp73-manylinux_2_5_x86_64.manylinux1_x86_64.manylinux_2_17_x86_64.manylinux2014_x86_64.whl", hash = "sha256:1d5023a4b6a5b183dc838808087033ec5df77580485fc533e7dab2567851b0a4"},
    {file = "websockets-11.0.3-pp39-pypy39_pp73-win_amd64.whl", hash = "sha256:ed058398f55163a79bb9f06a90ef9ccc063b204bb346c4de78efc5d15abfe602"},
    {file = "websockets-11.0.3-py3-none-any.whl", hash = "sha256:6681ba9e7f8f3b19440921e99efbb40fc89f26cd71bf539e45d8c8a25c976dc6"},
    {file = "websockets-11.0.3.tar.gz", hash = "sha256:88fc51d9a26b10fc331be344f1781224a375b78488fc343620184e95a4b27016"},
]

[metadata]
lock-version = "2.0"
python-versions = "^3.10"
content-hash = "390fbfe62ca7745afe9b6aa866e2266ab4ef981766bb2e009632412576a82e92"
